
Microsoft Visual Studio Solution File, Format Version 12.00
# Visual Studio 15
VisualStudioVersion = 15.0.26228.4
MinimumVisualStudioVersion = 10.0.40219.1
Project("{FAE04EC0-301F-11D3-BF4B-00C04F79EFBC}") = "ChannelRankings.Models", "ChannelRankings.Models\ChannelRankings.Models.csproj", "{1CD62DC8-1847-4408-B788-6B88DB802895}"
EndProject
Project("{FAE04EC0-301F-11D3-BF4B-00C04F79EFBC}") = "ChannelRankings.Data", "ChannelRankings.Data\ChannelRankings.Data.csproj", "{68931661-55B1-4241-9B91-65E327D917F6}"
EndProject
Project("{FAE04EC0-301F-11D3-BF4B-00C04F79EFBC}") = "ChannelRankings.Utils", "ChannelRankings.Utils\ChannelRankings.Utils.csproj", "{1E2D1B6B-42C2-40C2-A9FF-31C9193B67D7}"
EndProject
Project("{FAE04EC0-301F-11D3-BF4B-00C04F79EFBC}") = "ChannelRankings.XmlModels", "ChannelRankings.XmlModels\ChannelRankings.XmlModels.csproj", "{D2F641D3-CB82-42E8-97E6-870281CD9695}"
EndProject
Project("{FAE04EC0-301F-11D3-BF4B-00C04F79EFBC}") = "TestProject", "TestProject\TestProject.csproj", "{A782C67A-16B6-4A7D-B5D2-3CC97432417E}"
EndProject
Project("{FAE04EC0-301F-11D3-BF4B-00C04F79EFBC}") = "ChannelRankins.Contracts", "ChannelRankins.Contracts\ChannelRankins.Contracts.csproj", "{6D23F6A2-8B67-41D0-888E-C41C67FCA47E}"
EndProject
Project("{FAE04EC0-301F-11D3-BF4B-00C04F79EFBC}") = "ChannelRankings.Data.PostgreSQL", "ChannelRankings.Data.PostgreSQL\ChannelRankings.Data.PostgreSQL.csproj", "{1AF3A167-F06F-45B4-B025-F635BE2B3D8E}"
EndProject
Project("{FAE04EC0-301F-11D3-BF4B-00C04F79EFBC}") = "ChannelRankings.WPFClient", "ChannelRankings.WPFClient\ChannelRankings.WPFClient.csproj", "{0BDCD198-9F13-4BD4-A209-69C1DCCD8927}"
EndProject
Project("{FAE04EC0-301F-11D3-BF4B-00C04F79EFBC}") = "ClassLibrary2", "..\..\..\..\EF_PostgreSQL_Tutorial\ClassLibrary2\ClassLibrary2.csproj", "{272A274F-2DB5-4C52-A955-DBA8EE359116}"
EndProject
Global
	GlobalSection(SolutionConfigurationPlatforms) = preSolution
		Debug|Any CPU = Debug|Any CPU
		Release|Any CPU = Release|Any CPU
	EndGlobalSection
	GlobalSection(ProjectConfigurationPlatforms) = postSolution
		{1CD62DC8-1847-4408-B788-6B88DB802895}.Debug|Any CPU.ActiveCfg = Debug|Any CPU
		{1CD62DC8-1847-4408-B788-6B88DB802895}.Debug|Any CPU.Build.0 = Debug|Any CPU
		{1CD62DC8-1847-4408-B788-6B88DB802895}.Release|Any CPU.ActiveCfg = Release|Any CPU
		{1CD62DC8-1847-4408-B788-6B88DB802895}.Release|Any CPU.Build.0 = Release|Any CPU
		{68931661-55B1-4241-9B91-65E327D917F6}.Debug|Any CPU.ActiveCfg = Debug|Any CPU
		{68931661-55B1-4241-9B91-65E327D917F6}.Debug|Any CPU.Build.0 = Debug|Any CPU
		{68931661-55B1-4241-9B91-65E327D917F6}.Release|Any CPU.ActiveCfg = Release|Any CPU
		{68931661-55B1-4241-9B91-65E327D917F6}.Release|Any CPU.Build.0 = Release|Any CPU
		{1E2D1B6B-42C2-40C2-A9FF-31C9193B67D7}.Debug|Any CPU.ActiveCfg = Debug|Any CPU
		{1E2D1B6B-42C2-40C2-A9FF-31C9193B67D7}.Debug|Any CPU.Build.0 = Debug|Any CPU
		{1E2D1B6B-42C2-40C2-A9FF-31C9193B67D7}.Release|Any CPU.ActiveCfg = Release|Any CPU
		{1E2D1B6B-42C2-40C2-A9FF-31C9193B67D7}.Release|Any CPU.Build.0 = Release|Any CPU
		{D2F641D3-CB82-42E8-97E6-870281CD9695}.Debug|Any CPU.ActiveCfg = Debug|Any CPU
		{D2F641D3-CB82-42E8-97E6-870281CD9695}.Debug|Any CPU.Build.0 = Debug|Any CPU
		{D2F641D3-CB82-42E8-97E6-870281CD9695}.Release|Any CPU.ActiveCfg = Release|Any CPU
		{D2F641D3-CB82-42E8-97E6-870281CD9695}.Release|Any CPU.Build.0 = Release|Any CPU
		{A782C67A-16B6-4A7D-B5D2-3CC97432417E}.Debug|Any CPU.ActiveCfg = Debug|Any CPU
		{A782C67A-16B6-4A7D-B5D2-3CC97432417E}.Debug|Any CPU.Build.0 = Debug|Any CPU
		{A782C67A-16B6-4A7D-B5D2-3CC97432417E}.Release|Any CPU.ActiveCfg = Release|Any CPU
		{A782C67A-16B6-4A7D-B5D2-3CC97432417E}.Release|Any CPU.Build.0 = Release|Any CPU
		{6D23F6A2-8B67-41D0-888E-C41C67FCA47E}.Debug|Any CPU.ActiveCfg = Debug|Any CPU
		{6D23F6A2-8B67-41D0-888E-C41C67FCA47E}.Debug|Any CPU.Build.0 = Debug|Any CPU
		{6D23F6A2-8B67-41D0-888E-C41C67FCA47E}.Release|Any CPU.ActiveCfg = Release|Any CPU
		{6D23F6A2-8B67-41D0-888E-C41C67FCA47E}.Release|Any CPU.Build.0 = Release|Any CPU
		{1AF3A167-F06F-45B4-B025-F635BE2B3D8E}.Debug|Any CPU.ActiveCfg = Debug|Any CPU
		{1AF3A167-F06F-45B4-B025-F635BE2B3D8E}.Debug|Any CPU.Build.0 = Debug|Any CPU
		{1AF3A167-F06F-45B4-B025-F635BE2B3D8E}.Release|Any CPU.ActiveCfg = Release|Any CPU
		{1AF3A167-F06F-45B4-B025-F635BE2B3D8E}.Release|Any CPU.Build.0 = Release|Any CPU
		{0BDCD198-9F13-4BD4-A209-69C1DCCD8927}.Debug|Any CPU.ActiveCfg = Debug|Any CPU
		{0BDCD198-9F13-4BD4-A209-69C1DCCD8927}.Debug|Any CPU.Build.0 = Debug|Any CPU
		{0BDCD198-9F13-4BD4-A209-69C1DCCD8927}.Release|Any CPU.ActiveCfg = Release|Any CPU
		{0BDCD198-9F13-4BD4-A209-69C1DCCD8927}.Release|Any CPU.Build.0 = Release|Any CPU
		{272A274F-2DB5-4C52-A955-DBA8EE359116}.Debug|Any CPU.ActiveCfg = Debug|Any CPU
		{272A274F-2DB5-4C52-A955-DBA8EE359116}.Debug|Any CPU.Build.0 = Debug|Any CPU
		{272A274F-2DB5-4C52-A955-DBA8EE359116}.Release|Any CPU.ActiveCfg = Release|Any CPU
		{272A274F-2DB5-4C52-A955-DBA8EE359116}.Release|Any CPU.Build.0 = Release|Any CPU
	EndGlobalSection
	GlobalSection(SolutionProperties) = preSolution
		HideSolutionNode = FALSE
	EndGlobalSection
EndGlobal
